<?xml version="1.0" encoding="utf-8"?>
<Project ToolsVersion="4.0" xmlns="http://schemas.microsoft.com/developer/msbuild/2003">
  <ItemGroup>
    <Filter Include="Source Files">
      <UniqueIdentifier>{cf516619-1c0d-4e16-9c1f-00e95dc59d9d}</UniqueIdentifier>
      <Extensions>cpp;c;cxx;rc;def;r;odl;idl;hpj;bat</Extensions>
    </Filter>
    <Filter Include="Header Files">
      <UniqueIdentifier>{04a7af09-ebb7-4638-b9c0-dc4154decaae}</UniqueIdentifier>
      <Extensions>h;hpp;hxx;hm;inl</Extensions>
    </Filter>
    <Filter Include="Resource Files">
      <UniqueIdentifier>{e3209950-b990-4079-b4a9-279d305c2e85}</UniqueIdentifier>
      <Extensions>ico;cur;bmp;dlg;rc2;rct;bin;rgs;gif;jpg;jpeg;jpe</Extensions>
    </Filter>
  </ItemGroup>
  <ItemGroup>
    <ClCompile Include="build.cpp">
      <Filter>Source Files</Filter>
    </ClCompile>
    <ClCompile Include="graphics.cpp">
      <Filter>Source Files</Filter>
    </ClCompile>
    <ClCompile Include="hp12C.cpp">
      <Filter>Source Files</Filter>
    </ClCompile>
    <ClCompile Include="HP12c_c.cpp">
      <Filter>Source Files</Filter>
    </ClCompile>
    <ClCompile Include="HP12c_cDlg.cpp">
      <Filter>Source Files</Filter>
    </ClCompile>
    <ClCompile Include="HP12cButton.cpp">
      <Filter>Source Files</Filter>
    </ClCompile>
    <ClCompile Include="ScreenHandeling.cpp">
      <Filter>Source Files</Filter>
    </ClCompile>
    <ClCompile Include="StdAfx.cpp">
      <Filter>Source Files</Filter>
    </ClCompile>
    <ClCompile Include="system.cpp">
      <Filter>Source Files</Filter>
    </ClCompile>
    <ClCompile Include="VirtualLCD.cpp">
      <Filter>Source Files</Filter>
    </ClCompile>
  </ItemGroup>
  <ItemGroup>
    <ResourceCompile Include="HP12c_c.rc">
      <Filter>Source Files</Filter>
    </ResourceCompile>
  </ItemGroup>
  <ItemGroup>
    <ClInclude Include="graphics.h">
      <Filter>Header Files</Filter>
    </ClInclude>
    <ClInclude Include="hp12c.h">
      <Filter>Header Files</Filter>
    </ClInclude>
    <ClInclude Include="HP12c_c.h">
      <Filter>Header Files</Filter>
    </ClInclude>
    <ClInclude Include="hp12c_cDlg.h">
      <Filter>Header Files</Filter>
    </ClInclude>
    <ClInclude Include="HP12cButton.h">
      <Filter>Header Files</Filter>
    </ClInclude>
    <ClInclude Include="protection\HPCalcLicenseLib\include\HPCalcActivate.h">
      <Filter>Header Files</Filter>
    </ClInclude>
    <ClInclude Include="emulator manager\HPCalcManagerAPI.h">
      <Filter>Header Files</Filter>
    </ClInclude>
    <ClInclude Include="Resource.h">
      <Filter>Header Files</Filter>
    </ClInclude>
    <ClInclude Include="ScreenHandeling.h">
      <Filter>Header Files</Filter>
    </ClInclude>
    <ClInclude Include="StdAfx.h">
      <Filter>Header Files</Filter>
    </ClInclude>
    <ClInclude Include="system.h">
      <Filter>Header Files</Filter>
    </ClInclude>
    <ClInclude Include="VirtualLCD.h">
      <Filter>Header Files</Filter>
    </ClInclude>
  </ItemGroup>
  <ItemGroup>
    <Image Include="res\12Cbackground.bmp">
      <Filter>Resource Files</Filter>
    </Image>
    <Image Include="res\HP12c_c.ico">
      <Filter>Resource Files</Filter>
    </Image>
  </ItemGroup>
  <ItemGroup>
    <None Include="res\HP12c_c.rc2">
      <Filter>Resource Files</Filter>
    </None>
  </ItemGroup>
</Project>